
Microsoft Visual Studio Solution File, Format Version 12.00
# Visual Studio Version 17
VisualStudioVersion = 17.7.34031.279
MinimumVisualStudioVersion = 10.0.40219.1
Project("{FAE04EC0-301F-11D3-BF4B-00C04F79EFBC}") = "Chat.API", "Chat.API\Chat.API.csproj", "{6FA2E33E-8DAE-425E-9012-5C52E8DC99FC}"
EndProject
Global
	GlobalSection(SolutionConfigurationPlatforms) = preSolution
		Debug|Any CPU = Debug|Any CPU
		Release|Any CPU = Release|Any CPU
	EndGlobalSection
	GlobalSection(ProjectConfigurationPlatforms) = postSolution
		{6FA2E33E-8DAE-425E-9012-5C52E8DC99FC}.Debug|Any CPU.ActiveCfg = Debug|Any CPU
		{6FA2E33E-8DAE-425E-9012-5C52E8DC99FC}.Debug|Any CPU.Build.0 = Debug|Any CPU
		{6FA2E33E-8DAE-425E-9012-5C52E8DC99FC}.Release|Any CPU.ActiveCfg = Release|Any CPU
		{6FA2E33E-8DAE-425E-9012-5C52E8DC99FC}.Release|Any CPU.Build.0 = Release|Any CPU
	EndGlobalSection
	GlobalSection(SolutionProperties) = preSolution
		HideSolutionNode = FALSE
	EndGlobalSection
	GlobalSection(ExtensibilityGlobals) = postSolution
		SolutionGuid = {B42F433A-0571-4CCF-AF60-B26300A23097}
	EndGlobalSection
EndGlobal
